
Microsoft Visual Studio Solution File, Format Version 12.00
# Visual Studio Version 17
VisualStudioVersion = 17.12.35527.113 d17.12
MinimumVisualStudioVersion = 10.0.40219.1
Project("{FAE04EC0-301F-11D3-BF4B-00C04F79EFBC}") = "FinancialModelingPrepApi", "FinancialModelingPrepApi\FinancialModelingPrepApi.csproj", "{B691C86E-CE23-40FA-811E-8D17BE9DD8BE}"
EndProject
Project("{FAE04EC0-301F-11D3-BF4B-00C04F79EFBC}") = "Tests", "Tests\Tests.csproj", "{239A9A06-4A6A-47E8-9255-C9C5FA1BF13D}"
EndProject
Global
	GlobalSection(SolutionConfigurationPlatforms) = preSolution
		Debug|Any CPU = Debug|Any CPU
		Release|Any CPU = Release|Any CPU
	EndGlobalSection
	GlobalSection(ProjectConfigurationPlatforms) = postSolution
		{B691C86E-CE23-40FA-811E-8D17BE9DD8BE}.Debug|Any CPU.ActiveCfg = Debug|Any CPU
		{B691C86E-CE23-40FA-811E-8D17BE9DD8BE}.Debug|Any CPU.Build.0 = Debug|Any CPU
		{B691C86E-CE23-40FA-811E-8D17BE9DD8BE}.Release|Any CPU.ActiveCfg = Release|Any CPU
		{B691C86E-CE23-40FA-811E-8D17BE9DD8BE}.Release|Any CPU.Build.0 = Release|Any CPU
		{239A9A06-4A6A-47E8-9255-C9C5FA1BF13D}.Debug|Any CPU.ActiveCfg = Debug|Any CPU
		{239A9A06-4A6A-47E8-9255-C9C5FA1BF13D}.Debug|Any CPU.Build.0 = Debug|Any CPU
		{239A9A06-4A6A-47E8-9255-C9C5FA1BF13D}.Release|Any CPU.ActiveCfg = Release|Any CPU
		{239A9A06-4A6A-47E8-9255-C9C5FA1BF13D}.Release|Any CPU.Build.0 = Release|Any CPU
	EndGlobalSection
	GlobalSection(SolutionProperties) = preSolution
		HideSolutionNode = FALSE
	EndGlobalSection
	GlobalSection(ExtensibilityGlobals) = postSolution
		SolutionGuid = {9A0E2AE7-CBFD-4C5C-89DF-A920130130FD}
	EndGlobalSection
EndGlobal
